
Microsoft Visual Studio Solution File, Format Version 12.00
Project("{FAE04EC0-301F-11D3-BF4B-00C04F79EFBC}") = "steam-dl", "steam-dl\steam-dl.csproj", "{00C649B9-C5AE-451D-8C24-C2371EBC97F9}"
EndProject
Global
	GlobalSection(SolutionConfigurationPlatforms) = preSolution
		Debug|Any CPU = Debug|Any CPU
		Release|Any CPU = Release|Any CPU
	EndGlobalSection
	GlobalSection(ProjectConfigurationPlatforms) = postSolution
		{00C649B9-C5AE-451D-8C24-C2371EBC97F9}.Debug|Any CPU.ActiveCfg = Debug|Any CPU
		{00C649B9-C5AE-451D-8C24-C2371EBC97F9}.Debug|Any CPU.Build.0 = Debug|Any CPU
		{00C649B9-C5AE-451D-8C24-C2371EBC97F9}.Release|Any CPU.ActiveCfg = Release|Any CPU
		{00C649B9-C5AE-451D-8C24-C2371EBC97F9}.Release|Any CPU.Build.0 = Release|Any CPU
	EndGlobalSection
EndGlobal
